// !$*UTF8*$!
{
	archiveVersion = 1;
	classes = {
	};
	objectVersion = 48;
	objects = {

/* Begin PBXBuildFile section */
		E743BF941FE6510B00F9AF9C /* CityManager.swift in Sources */ = {isa = PBXBuildFile; fileRef = E743BF931FE6510B00F9AF9C /* CityManager.swift */; };
		E743BF961FE7221F00F9AF9C /* OpenWeatherManager.swift in Sources */ = {isa = PBXBuildFile; fileRef = E743BF951FE7221F00F9AF9C /* OpenWeatherManager.swift */; };
		E743BF981FE72BE600F9AF9C /* CityCellController.swift in Sources */ = {isa = PBXBuildFile; fileRef = E743BF971FE72BE600F9AF9C /* CityCellController.swift */; };
		E743BF9A1FE72BF100F9AF9C /* ForecastCellController.swift in Sources */ = {isa = PBXBuildFile; fileRef = E743BF991FE72BF100F9AF9C /* ForecastCellController.swift */; };
		E743BF9D1FE7583100F9AF9C /* Forecast.swift in Sources */ = {isa = PBXBuildFile; fileRef = E743BF9C1FE7583100F9AF9C /* Forecast.swift */; };
		E79850B61FE6275B00F840C1 /* AppDelegate.swift in Sources */ = {isa = PBXBuildFile; fileRef = E79850B51FE6275B00F840C1 /* AppDelegate.swift */; };
		E79850BB1FE6275B00F840C1 /* Main.storyboard in Resources */ = {isa = PBXBuildFile; fileRef = E79850B91FE6275B00F840C1 /* Main.storyboard */; };
		E79850BE1FE6275B00F840C1 /* MayWeather.xcdatamodeld in Sources */ = {isa = PBXBuildFile; fileRef = E79850BC1FE6275B00F840C1 /* MayWeather.xcdatamodeld */; };
		E79850C01FE6275B00F840C1 /* Assets.xcassets in Resources */ = {isa = PBXBuildFile; fileRef = E79850BF1FE6275B00F840C1 /* Assets.xcassets */; };
		E79850C31FE6275B00F840C1 /* LaunchScreen.storyboard in Resources */ = {isa = PBXBuildFile; fileRef = E79850C11FE6275B00F840C1 /* LaunchScreen.storyboard */; };
		E79850CC1FE62CEB00F840C1 /* CityListController.swift in Sources */ = {isa = PBXBuildFile; fileRef = E79850CB1FE62CEB00F840C1 /* CityListController.swift */; };
		E79850CE1FE62CF800F840C1 /* NewCityController.swift in Sources */ = {isa = PBXBuildFile; fileRef = E79850CD1FE62CF800F840C1 /* NewCityController.swift */; };
		E79850D01FE62D0600F840C1 /* ForecastController.swift in Sources */ = {isa = PBXBuildFile; fileRef = E79850CF1FE62D0600F840C1 /* ForecastController.swift */; };
		E79850D31FE62D9800F840C1 /* SwiftyJSON.swift in Sources */ = {isa = PBXBuildFile; fileRef = E79850D21FE62D9800F840C1 /* SwiftyJSON.swift */; };
		E79850DB1FE6315500F840C1 /* GeonamesApiManager.swift in Sources */ = {isa = PBXBuildFile; fileRef = E79850DA1FE6315500F840C1 /* GeonamesApiManager.swift */; };
		E79850DE1FE6337700F840C1 /* UrlManager.swift in Sources */ = {isa = PBXBuildFile; fileRef = E79850DD1FE6337700F840C1 /* UrlManager.swift */; };
		E79850E01FE6399B00F840C1 /* Extensions.swift in Sources */ = {isa = PBXBuildFile; fileRef = E79850DF1FE6399B00F840C1 /* Extensions.swift */; };
		E79850E21FE6457B00F840C1 /* PersistenceService.swift in Sources */ = {isa = PBXBuildFile; fileRef = E79850E11FE6457B00F840C1 /* PersistenceService.swift */; };
		E79850E41FE6469200F840C1 /* AlertManager.swift in Sources */ = {isa = PBXBuildFile; fileRef = E79850E31FE6469200F840C1 /* AlertManager.swift */; };
/* End PBXBuildFile section */

/* Begin PBXFileReference section */
		E743BF931FE6510B00F9AF9C /* CityManager.swift */ = {isa = PBXFileReference; lastKnownFileType = sourcecode.swift; path = CityManager.swift; sourceTree = "<group>"; };
		E743BF951FE7221F00F9AF9C /* OpenWeatherManager.swift */ = {isa = PBXFileReference; fileEncoding = 4; lastKnownFileType = sourcecode.swift; path = OpenWeatherManager.swift; sourceTree = "<group>"; };
		E743BF971FE72BE600F9AF9C /* CityCellController.swift */ = {isa = PBXFileReference; lastKnownFileType = sourcecode.swift; path = CityCellController.swift; sourceTree = "<group>"; };
		E743BF991FE72BF100F9AF9C /* ForecastCellController.swift */ = {isa = PBXFileReference; lastKnownFileType = sourcecode.swift; path = ForecastCellController.swift; sourceTree = "<group>"; };
		E743BF9C1FE7583100F9AF9C /* Forecast.swift */ = {isa = PBXFileReference; lastKnownFileType = sourcecode.swift; path = Forecast.swift; sourceTree = "<group>"; };
		E79850B21FE6275B00F840C1 /* MayWeather.app */ = {isa = PBXFileReference; explicitFileType = wrapper.application; includeInIndex = 0; path = MayWeather.app; sourceTree = BUILT_PRODUCTS_DIR; };
		E79850B51FE6275B00F840C1 /* AppDelegate.swift */ = {isa = PBXFileReference; lastKnownFileType = sourcecode.swift; path = AppDelegate.swift; sourceTree = "<group>"; };
		E79850BA1FE6275B00F840C1 /* Base */ = {isa = PBXFileReference; lastKnownFileType = file.storyboard; name = Base; path = Base.lproj/Main.storyboard; sourceTree = "<group>"; };
		E79850BD1FE6275B00F840C1 /* MayWeather.xcdatamodel */ = {isa = PBXFileReference; lastKnownFileType = wrapper.xcdatamodel; path = MayWeather.xcdatamodel; sourceTree = "<group>"; };
		E79850BF1FE6275B00F840C1 /* Assets.xcassets */ = {isa = PBXFileReference; lastKnownFileType = folder.assetcatalog; path = Assets.xcassets; sourceTree = "<group>"; };
		E79850C21FE6275B00F840C1 /* Base */ = {isa = PBXFileReference; lastKnownFileType = file.storyboard; name = Base; path = Base.lproj/LaunchScreen.storyboard; sourceTree = "<group>"; };
		E79850C41FE6275B00F840C1 /* Info.plist */ = {isa = PBXFileReference; lastKnownFileType = text.plist.xml; path = Info.plist; sourceTree = "<group>"; };
		E79850CB1FE62CEB00F840C1 /* CityListController.swift */ = {isa = PBXFileReference; lastKnownFileType = sourcecode.swift; path = CityListController.swift; sourceTree = "<group>"; };
		E79850CD1FE62CF800F840C1 /* NewCityController.swift */ = {isa = PBXFileReference; lastKnownFileType = sourcecode.swift; path = NewCityController.swift; sourceTree = "<group>"; };
		E79850CF1FE62D0600F840C1 /* ForecastController.swift */ = {isa = PBXFileReference; lastKnownFileType = sourcecode.swift; path = ForecastController.swift; sourceTree = "<group>"; };
		E79850D21FE62D9800F840C1 /* SwiftyJSON.swift */ = {isa = PBXFileReference; fileEncoding = 4; lastKnownFileType = sourcecode.swift; path = SwiftyJSON.swift; sourceTree = "<group>"; };
		E79850DA1FE6315500F840C1 /* GeonamesApiManager.swift */ = {isa = PBXFileReference; fileEncoding = 4; lastKnownFileType = sourcecode.swift; path = GeonamesApiManager.swift; sourceTree = "<group>"; };
		E79850DD1FE6337700F840C1 /* UrlManager.swift */ = {isa = PBXFileReference; fileEncoding = 4; lastKnownFileType = sourcecode.swift; path = UrlManager.swift; sourceTree = "<group>"; };
		E79850DF1FE6399B00F840C1 /* Extensions.swift */ = {isa = PBXFileReference; lastKnownFileType = sourcecode.swift; path = Extensions.swift; sourceTree = "<group>"; };
		E79850E11FE6457B00F840C1 /* PersistenceService.swift */ = {isa = PBXFileReference; lastKnownFileType = sourcecode.swift; path = PersistenceService.swift; sourceTree = "<group>"; };
		E79850E31FE6469200F840C1 /* AlertManager.swift */ = {isa = PBXFileReference; lastKnownFileType = sourcecode.swift; path = AlertManager.swift; sourceTree = "<group>"; };
/* End PBXFileReference section */

/* Begin PBXFrameworksBuildPhase section */
		E79850AF1FE6275B00F840C1 /* Frameworks */ = {
			isa = PBXFrameworksBuildPhase;
			buildActionMask = 2147483647;
			files = (
			);
			runOnlyForDeploymentPostprocessing = 0;
		};
/* End PBXFrameworksBuildPhase section */

/* Begin PBXGroup section */
		E743BF9B1FE7582500F9AF9C /* Model */ = {
			isa = PBXGroup;
			children = (
				E743BF9C1FE7583100F9AF9C /* Forecast.swift */,
			);
			path = Model;
			sourceTree = "<group>";
		};
		E79850A91FE6275A00F840C1 = {
			isa = PBXGroup;
			children = (
				E79850B41FE6275B00F840C1 /* MayWeather */,
				E79850B31FE6275B00F840C1 /* Products */,
			);
			sourceTree = "<group>";
		};
		E79850B31FE6275B00F840C1 /* Products */ = {
			isa = PBXGroup;
			children = (
				E79850B21FE6275B00F840C1 /* MayWeather.app */,
			);
			name = Products;
			sourceTree = "<group>";
		};
		E79850B41FE6275B00F840C1 /* MayWeather */ = {
			isa = PBXGroup;
			children = (
				E743BF9B1FE7582500F9AF9C /* Model */,
				E79850D51FE630BA00F840C1 /* Database */,
				E79850CA1FE62B7600F840C1 /* ViewControllers */,
				E79850D41FE62E1B00F840C1 /* CellControllers */,
				E79850D11FE62D6500F840C1 /* Util */,
				E79850B91FE6275B00F840C1 /* Main.storyboard */,
				E79850BF1FE6275B00F840C1 /* Assets.xcassets */,
				E79850C11FE6275B00F840C1 /* LaunchScreen.storyboard */,
				E79850C41FE6275B00F840C1 /* Info.plist */,
				E79850BC1FE6275B00F840C1 /* MayWeather.xcdatamodeld */,
			);
			path = MayWeather;
			sourceTree = "<group>";
		};
		E79850CA1FE62B7600F840C1 /* ViewControllers */ = {
			isa = PBXGroup;
			children = (
				E79850CB1FE62CEB00F840C1 /* CityListController.swift */,
				E79850CD1FE62CF800F840C1 /* NewCityController.swift */,
				E79850CF1FE62D0600F840C1 /* ForecastController.swift */,
			);
			path = ViewControllers;
			sourceTree = "<group>";
		};
		E79850D11FE62D6500F840C1 /* Util */ = {
			isa = PBXGroup;
			children = (
				E743BF951FE7221F00F9AF9C /* OpenWeatherManager.swift */,
				E79850DD1FE6337700F840C1 /* UrlManager.swift */,
				E79850DA1FE6315500F840C1 /* GeonamesApiManager.swift */,
				E79850D21FE62D9800F840C1 /* SwiftyJSON.swift */,
				E79850B51FE6275B00F840C1 /* AppDelegate.swift */,
				E79850DF1FE6399B00F840C1 /* Extensions.swift */,
				E79850E11FE6457B00F840C1 /* PersistenceService.swift */,
				E79850E31FE6469200F840C1 /* AlertManager.swift */,
			);
			path = Util;
			sourceTree = "<group>";
		};
		E79850D41FE62E1B00F840C1 /* CellControllers */ = {
			isa = PBXGroup;
			children = (
				E743BF971FE72BE600F9AF9C /* CityCellController.swift */,
				E743BF991FE72BF100F9AF9C /* ForecastCellController.swift */,
			);
			path = CellControllers;
			sourceTree = "<group>";
		};
		E79850D51FE630BA00F840C1 /* Database */ = {
			isa = PBXGroup;
			children = (
				E743BF931FE6510B00F9AF9C /* CityManager.swift */,
			);
			path = Database;
			sourceTree = "<group>";
		};
/* End PBXGroup section */

/* Begin PBXNativeTarget section */
		E79850B11FE6275B00F840C1 /* MayWeather */ = {
			isa = PBXNativeTarget;
			buildConfigurationList = E79850C71FE6275B00F840C1 /* Build configuration list for PBXNativeTarget "MayWeather" */;
			buildPhases = (
				E79850AE1FE6275B00F840C1 /* Sources */,
				E79850AF1FE6275B00F840C1 /* Frameworks */,
				E79850B01FE6275B00F840C1 /* Resources */,
			);
			buildRules = (
			);
			dependencies = (
			);
			name = MayWeather;
			productName = MayWeather;
			productReference = E79850B21FE6275B00F840C1 /* MayWeather.app */;
			productType = "com.apple.product-type.application";
		};
/* End PBXNativeTarget section */

/* Begin PBXProject section */
		E79850AA1FE6275A00F840C1 /* Project object */ = {
			isa = PBXProject;
			attributes = {
				LastSwiftUpdateCheck = 0910;
				LastUpgradeCheck = 0910;
				ORGANIZATIONNAME = maylcf;
				TargetAttributes = {
					E79850B11FE6275B00F840C1 = {
						CreatedOnToolsVersion = 9.1;
						ProvisioningStyle = Automatic;
					};
				};
			};
			buildConfigurationList = E79850AD1FE6275A00F840C1 /* Build configuration list for PBXProject "MayWeather" */;
			compatibilityVersion = "Xcode 8.0";
			developmentRegion = en;
			hasScannedForEncodings = 0;
			knownRegions = (
				en,
				Base,
			);
			mainGroup = E79850A91FE6275A00F840C1;
			productRefGroup = E79850B31FE6275B00F840C1 /* Products */;
			projectDirPath = "";
			projectRoot = "";
			targets = (
				E79850B11FE6275B00F840C1 /* MayWeather */,
			);
		};
/* End PBXProject section */

/* Begin PBXResourcesBuildPhase section */
		E79850B01FE6275B00F840C1 /* Resources */ = {
			isa = PBXResourcesBuildPhase;
			buildActionMask = 2147483647;
			files = (
				E79850C31FE6275B00F840C1 /* LaunchScreen.storyboard in Resources */,
				E79850C01FE6275B00F840C1 /* Assets.xcassets in Resources */,
				E79850BB1FE6275B00F840C1 /* Main.storyboard in Resources */,
			);
			runOnlyForDeploymentPostprocessing = 0;
		};
/* End PBXResourcesBuildPhase section */

/* Begin PBXSourcesBuildPhase section */
		E79850AE1FE6275B00F840C1 /* Sources */ = {
			isa = PBXSourcesBuildPhase;
			buildActionMask = 2147483647;
			files = (
				E743BF9D1FE7583100F9AF9C /* Forecast.swift in Sources */,
				E79850BE1FE6275B00F840C1 /* MayWeather.xcdatamodeld in Sources */,
				E79850E21FE6457B00F840C1 /* PersistenceService.swift in Sources */,
				E79850CE1FE62CF800F840C1 /* NewCityController.swift in Sources */,
				E79850CC1FE62CEB00F840C1 /* CityListController.swift in Sources */,
				E79850DE1FE6337700F840C1 /* UrlManager.swift in Sources */,
				E79850E41FE6469200F840C1 /* AlertManager.swift in Sources */,
				E743BF981FE72BE600F9AF9C /* CityCellController.swift in Sources */,
				E79850DB1FE6315500F840C1 /* GeonamesApiManager.swift in Sources */,
				E743BF9A1FE72BF100F9AF9C /* ForecastCellController.swift in Sources */,
				E79850D31FE62D9800F840C1 /* SwiftyJSON.swift in Sources */,
				E743BF941FE6510B00F9AF9C /* CityManager.swift in Sources */,
				E79850B61FE6275B00F840C1 /* AppDelegate.swift in Sources */,
				E79850E01FE6399B00F840C1 /* Extensions.swift in Sources */,
				E743BF961FE7221F00F9AF9C /* OpenWeatherManager.swift in Sources */,
				E79850D01FE62D0600F840C1 /* ForecastController.swift in Sources */,
			);
			runOnlyForDeploymentPostprocessing = 0;
		};
/* End PBXSourcesBuildPhase section */

/* Begin PBXVariantGroup section */
		E79850B91FE6275B00F840C1 /* Main.storyboard */ = {
			isa = PBXVariantGroup;
			children = (
				E79850BA1FE6275B00F840C1 /* Base */,
			);
			name = Main.storyboard;
			sourceTree = "<group>";
		};
		E79850C11FE6275B00F840C1 /* LaunchScreen.storyboard */ = {
			isa = PBXVariantGroup;
			children = (
				E79850C21FE6275B00F840C1 /* Base */,
			);
			name = LaunchScreen.storyboard;
			sourceTree = "<group>";
		};
/* End PBXVariantGroup section */

/* Begin XCBuildConfiguration section */
		E79850C51FE6275B00F840C1 /* Debug */ = {
			isa = XCBuildConfiguration;
			buildSettings = {
				ALWAYS_SEARCH_USER_PATHS = NO;
				CLANG_ANALYZER_NONNULL = YES;
				CLANG_ANALYZER_NUMBER_OBJECT_CONVERSION = YES_AGGRESSIVE;
				CLANG_CXX_LANGUAGE_STANDARD = "gnu++14";
				CLANG_CXX_LIBRARY = "libc++";
				CLANG_ENABLE_MODULES = YES;
				CLANG_ENABLE_OBJC_ARC = YES;
				CLANG_WARN_BLOCK_CAPTURE_AUTORELEASING = YES;
				CLANG_WARN_BOOL_CONVERSION = YES;
				CLANG_WARN_COMMA = YES;
				CLANG_WARN_CONSTANT_CONVERSION = YES;
				CLANG_WARN_DIRECT_OBJC_ISA_USAGE = YES_ERROR;
				CLANG_WARN_DOCUMENTATION_COMMENTS = YES;
				CLANG_WARN_EMPTY_BODY = YES;
				CLANG_WARN_ENUM_CONVERSION = YES;
				CLANG_WARN_INFINITE_RECURSION = YES;
				CLANG_WARN_INT_CONVERSION = YES;
				CLANG_WARN_NON_LITERAL_NULL_CONVERSION = YES;
				CLANG_WARN_OBJC_LITERAL_CONVERSION = YES;
				CLANG_WARN_OBJC_ROOT_CLASS = YES_ERROR;
				CLANG_WARN_RANGE_LOOP_ANALYSIS = YES;
				CLANG_WARN_STRICT_PROTOTYPES = YES;
				CLANG_WARN_SUSPICIOUS_MOVE = YES;
				CLANG_WARN_UNGUARDED_AVAILABILITY = YES_AGGRESSIVE;
				CLANG_WARN_UNREACHABLE_CODE = YES;
				CLANG_WARN__DUPLICATE_METHOD_MATCH = YES;
				CODE_SIGN_IDENTITY = "iPhone Developer";
				COPY_PHASE_STRIP = NO;
				DEBUG_INFORMATION_FORMAT = dwarf;
				ENABLE_STRICT_OBJC_MSGSEND = YES;
				ENABLE_TESTABILITY = YES;
				GCC_C_LANGUAGE_STANDARD = gnu11;
				GCC_DYNAMIC_NO_PIC = NO;
				GCC_NO_COMMON_BLOCKS = YES;
				GCC_OPTIMIZATION_LEVEL = 0;
				GCC_PREPROCESSOR_DEFINITIONS = (
					"DEBUG=1",
					"$(inherited)",
				);
				GCC_WARN_64_TO_32_BIT_CONVERSION = YES;
				GCC_WARN_ABOUT_RETURN_TYPE = YES_ERROR;
				GCC_WARN_UNDECLARED_SELECTOR = YES;
				GCC_WARN_UNINITIALIZED_AUTOS = YES_AGGRESSIVE;
				GCC_WARN_UNUSED_FUNCTION = YES;
				GCC_WARN_UNUSED_VARIABLE = YES;
				IPHONEOS_DEPLOYMENT_TARGET = 11.1;
				MTL_ENABLE_DEBUG_INFO = YES;
				ONLY_ACTIVE_ARCH = YES;
				SDKROOT = iphoneos;
				SWIFT_ACTIVE_COMPILATION_CONDITIONS = DEBUG;
				SWIFT_OPTIMIZATION_LEVEL = "-Onone";
			};
			name = Debug;
		};
		E79850C61FE6275B00F840C1 /* Release */ = {
			isa = XCBuildConfiguration;
			buildSettings = {
				ALWAYS_SEARCH_USER_PATHS = NO;
				CLANG_ANALYZER_NONNULL = YES;
				CLANG_ANALYZER_NUMBER_OBJECT_CONVERSION = YES_AGGRESSIVE;
				CLANG_CXX_LANGUAGE_STANDARD = "gnu++14";
				CLANG_CXX_LIBRARY = "libc++";
				CLANG_ENABLE_MODULES = YES;
				CLANG_ENABLE_OBJC_ARC = YES;
				CLANG_WARN_BLOCK_CAPTURE_AUTORELEASING = YES;
				CLANG_WARN_BOOL_CONVERSION = YES;
				CLANG_WARN_COMMA = YES;
				CLANG_WARN_CONSTANT_CONVERSION = YES;
				CLANG_WARN_DIRECT_OBJC_ISA_USAGE = YES_ERROR;
				CLANG_WARN_DOCUMENTATION_COMMENTS = YES;
				CLANG_WARN_EMPTY_BODY = YES;
				CLANG_WARN_ENUM_CONVERSION = YES;
				CLANG_WARN_INFINITE_RECURSION = YES;
				CLANG_WARN_INT_CONVERSION = YES;
				CLANG_WARN_NON_LITERAL_NULL_CONVERSION = YES;
				CLANG_WARN_OBJC_LITERAL_CONVERSION = YES;
				CLANG_WARN_OBJC_ROOT_CLASS = YES_ERROR;
				CLANG_WARN_RANGE_LOOP_ANALYSIS = YES;
				CLANG_WARN_STRICT_PROTOTYPES = YES;
				CLANG_WARN_SUSPICIOUS_MOVE = YES;
				CLANG_WARN_UNGUARDED_AVAILABILITY = YES_AGGRESSIVE;
				CLANG_WARN_UNREACHABLE_CODE = YES;
				CLANG_WARN__DUPLICATE_METHOD_MATCH = YES;
				CODE_SIGN_IDENTITY = "iPhone Developer";
				COPY_PHASE_STRIP = NO;
				DEBUG_INFORMATION_FORMAT = "dwarf-with-dsym";
				ENABLE_NS_ASSERTIONS = NO;
				ENABLE_STRICT_OBJC_MSGSEND = YES;
				GCC_C_LANGUAGE_STANDARD = gnu11;
				GCC_NO_COMMON_BLOCKS = YES;
				GCC_WARN_64_TO_32_BIT_CONVERSION = YES;
				GCC_WARN_ABOUT_RETURN_TYPE = YES_ERROR;
				GCC_WARN_UNDECLARED_SELECTOR = YES;
				GCC_WARN_UNINITIALIZED_AUTOS = YES_AGGRESSIVE;
				GCC_WARN_UNUSED_FUNCTION = YES;
				GCC_WARN_UNUSED_VARIABLE = YES;
				IPHONEOS_DEPLOYMENT_TARGET = 11.1;
				MTL_ENABLE_DEBUG_INFO = NO;
				SDKROOT = iphoneos;
				SWIFT_OPTIMIZATION_LEVEL = "-Owholemodule";
				VALIDATE_PRODUCT = YES;
			};
			name = Release;
		};
		E79850C81FE6275B00F840C1 /* Debug */ = {
			isa = XCBuildConfiguration;
			buildSettings = {
				ASSETCATALOG_COMPILER_APPICON_NAME = AppIcon;
				CODE_SIGN_STYLE = Automatic;
				INFOPLIST_FILE = MayWeather/Info.plist;
				LD_RUNPATH_SEARCH_PATHS = "$(inherited) @executable_path/Frameworks";
				PRODUCT_BUNDLE_IDENTIFIER = maylcf.MayWeather;
				PRODUCT_NAME = "$(TARGET_NAME)";
				SWIFT_VERSION = 4.0;
				TARGETED_DEVICE_FAMILY = "1,2";
			};
			name = Debug;
		};
		E79850C91FE6275B00F840C1 /* Release */ = {
			isa = XCBuildConfiguration;
			buildSettings = {
				ASSETCATALOG_COMPILER_APPICON_NAME = AppIcon;
				CODE_SIGN_STYLE = Automatic;
				INFOPLIST_FILE = MayWeather/Info.plist;
				LD_RUNPATH_SEARCH_PATHS = "$(inherited) @executable_path/Frameworks";
				PRODUCT_BUNDLE_IDENTIFIER = maylcf.MayWeather;
				PRODUCT_NAME = "$(TARGET_NAME)";
				SWIFT_VERSION = 4.0;
				TARGETED_DEVICE_FAMILY = "1,2";
			};
			name = Release;
		};
/* End XCBuildConfiguration section */

/* Begin XCConfigurationList section */
		E79850AD1FE6275A00F840C1 /* Build configuration list for PBXProject "MayWeather" */ = {
			isa = XCConfigurationList;
			buildConfigurations = (
				E79850C51FE6275B00F840C1 /* Debug */,
				E79850C61FE6275B00F840C1 /* Release */,
			);
			defaultConfigurationIsVisible = 0;
			defaultConfigurationName = Release;
		};
		E79850C71FE6275B00F840C1 /* Build configuration list for PBXNativeTarget "MayWeather" */ = {
			isa = XCConfigurationList;
			buildConfigurations = (
				E79850C81FE6275B00F840C1 /* Debug */,
				E79850C91FE6275B00F840C1 /* Release */,
			);
			defaultConfigurationIsVisible = 0;
			defaultConfigurationName = Release;
		};
/* End XCConfigurationList section */

/* Begin XCVersionGroup section */
		E79850BC1FE6275B00F840C1 /* MayWeather.xcdatamodeld */ = {
			isa = XCVersionGroup;
			children = (
				E79850BD1FE6275B00F840C1 /* MayWeather.xcdatamodel */,
			);
			currentVersion = E79850BD1FE6275B00F840C1 /* MayWeather.xcdatamodel */;
			path = MayWeather.xcdatamodeld;
			sourceTree = "<group>";
			versionGroupType = wrapper.xcdatamodel;
		};
/* End XCVersionGroup section */
	};
	rootObject = E79850AA1FE6275A00F840C1 /* Project object */;
}
